{
  "name": "sprimshing-apps",
  "version": "1.0.0",
  "lockfileVersion": 1,
  "requires": true,
  "dependencies": {
    "@itsravenous/google-sheets-public": {
      "version": "2.0.0",
      "resolved": "https://registry.npmjs.org/@itsravenous/google-sheets-public/-/google-sheets-public-2.0.0.tgz",
      "integrity": "sha512-3BH/1qyNGuE26nBMMyOJYNMhwtPIxErEHR7S1pHCKenJ4HsDRhHEGrOTDNB7JVTlDyYlywoqg57P6PJ3H3Oe4A=="
    },
    "@types/async-retry": {
      "version": "1.2.1",
      "resolved": "https://registry.npmjs.org/@types/async-retry/-/async-retry-1.2.1.tgz",
      "integrity": "sha512-yMQ6CVgICWtyFNBqJT3zqOc+TnqqEPLo4nKJNPFwcialiylil38Ie6q1ENeFTjvaLOkVim9K5LisHgAKJWidGQ=="
    },
    "@types/lru-cache": {
      "version": "4.1.1",
      "resolved": "https://registry.npmjs.org/@types/lru-cache/-/lru-cache-4.1.1.tgz",
      "integrity": "sha512-8mNEUG6diOrI6pMqOHrHPDBB1JsrpedeMK9AWGzVCQ7StRRribiT9BRvUmF8aUws9iBbVlgVekOT5Sgzc1MTKw=="
    },
    "@types/node": {
      "version": "10.12.18",
      "resolved": "https://registry.npmjs.org/@types/node/-/node-10.12.18.tgz",
      "integrity": "sha512-fh+pAqt4xRzPfqA6eh3Z2y6fyZavRIumvjhaCL753+TVkGKGhpPeyrJG2JftD0T9q4GF00KjefsQ+PQNDdWQaQ=="
    },
    "@zeit/dns-cached-resolve": {
      "version": "2.1.0",
      "resolved": "https://registry.npmjs.org/@zeit/dns-cached-resolve/-/dns-cached-resolve-2.1.0.tgz",
      "integrity": "sha512-KD2zyRZEBNs9PJ3/ob7zx0CvR4wM0oV4G5s5gFfPwmM74GpFbUN2pAAivP2AXnUrJ14Nkh8NumNKOzOyc4LbFQ==",
      "requires": {
        "@types/async-retry": "1.2.1",
        "@types/lru-cache": "4.1.1",
        "@types/node": "10.12.18",
        "async-retry": "1.2.3",
        "lru-cache": "5.1.1"
      }
    },
    "@zeit/fetch": {
      "version": "6.0.0",
      "resolved": "https://registry.npmjs.org/@zeit/fetch/-/fetch-6.0.0.tgz",
      "integrity": "sha512-Sf7voV8Dx3bT245WSy/Pn2q2nJCVoDIxGKP8FGiBrfMAQaPtDP9nDO6rTV43EUDdilJ363YTYb/zLfrzj1lc5g==",
      "requires": {
        "@types/async-retry": "1.2.1",
        "@zeit/fetch-cached-dns": "1.2.0",
        "@zeit/fetch-retry": "^5.0.0",
        "agentkeepalive": "3.4.1",
        "debug": "3.1.0"
      }
    },
    "@zeit/fetch-cached-dns": {
      "version": "1.2.0",
      "resolved": "https://registry.npmjs.org/@zeit/fetch-cached-dns/-/fetch-cached-dns-1.2.0.tgz",
      "integrity": "sha512-fEKOrDQJy3CewywYVwe2mHsv3H1rITmkfB68h2TiVOz6QWWuXU0C5xBIFG9Ov59sioEQdlk5829PXwJYyx6X0A==",
      "requires": {
        "@zeit/dns-cached-resolve": "2.1.0"
      }
    },
    "@zeit/fetch-retry": {
      "version": "5.0.0",
      "resolved": "https://registry.npmjs.org/@zeit/fetch-retry/-/fetch-retry-5.0.0.tgz",
      "integrity": "sha512-48tgGYYNX4AGyR8LZa5nMGdr3j4VXYxAA7BX6RWSKIWZkdh1bbkUB6M9ZLfmxsED0CEGpJmP7svN8qnolwZ45w==",
      "requires": {
        "async-retry": "^1.3.1",
        "debug": "^3.1.0"
      },
      "dependencies": {
        "async-retry": {
          "version": "1.3.1",
          "resolved": "https://registry.npmjs.org/async-retry/-/async-retry-1.3.1.tgz",
          "integrity": "sha512-aiieFW/7h3hY0Bq5d+ktDBejxuwR78vRu9hDUdR8rNhSaQ29VzPL4AoIRG7D/c7tdenwOcKvgPM6tIxB3cB6HA==",
          "requires": {
            "retry": "0.12.0"
          }
        }
      }
    },
    "agentkeepalive": {
      "version": "3.4.1",
      "resolved": "https://registry.npmjs.org/agentkeepalive/-/agentkeepalive-3.4.1.tgz",
      "integrity": "sha512-MPIwsZU9PP9kOrZpyu2042kYA8Fdt/AedQYkYXucHgF9QoD9dXVp0ypuGnHXSR0hTstBxdt85Xkh4JolYfK5wg==",
      "requires": {
        "humanize-ms": "^1.2.1"
      }
    },
    "async-retry": {
      "version": "1.2.3",
      "resolved": "https://registry.npmjs.org/async-retry/-/async-retry-1.2.3.tgz",
      "integrity": "sha512-tfDb02Th6CE6pJUF2gjW5ZVjsgwlucVXOEQMvEX9JgSJMs9gAX+Nz3xRuJBKuUYjTSYORqvDBORdAQ3LU59g7Q==",
      "requires": {
        "retry": "0.12.0"
      }
    },
    "axios": {
      "version": "0.19.2",
      "resolved": "https://registry.npmjs.org/axios/-/axios-0.19.2.tgz",
      "integrity": "sha512-fjgm5MvRHLhx+osE2xoekY70AhARk3a6hkN+3Io1jc00jtquGvxYlKlsFUhmUET0V5te6CcZI7lcv2Ym61mjHA==",
      "requires": {
        "follow-redirects": "1.5.10"
      }
    },
    "debug": {
      "version": "3.1.0",
      "resolved": "https://registry.npmjs.org/debug/-/debug-3.1.0.tgz",
      "integrity": "sha512-OX8XqP7/1a9cqkxYw2yXss15f26NKWBpDXQd0/uK/KPqdQhxbPa994hnzjcE2VqQpDslf55723cKPUOGSmMY3g==",
      "requires": {
        "ms": "2.0.0"
      }
    },
    "dotenv": {
      "version": "8.2.0",
      "resolved": "https://registry.npmjs.org/dotenv/-/dotenv-8.2.0.tgz",
      "integrity": "sha512-8sJ78ElpbDJBHNeBzUbUVLsqKdccaa/BXF1uPTw3GrvQTBgrQrtObr2mUrE38vzYd8cEv+m/JBfDLioYcfXoaw=="
    },
    "follow-redirects": {
      "version": "1.5.10",
      "resolved": "https://registry.npmjs.org/follow-redirects/-/follow-redirects-1.5.10.tgz",
      "integrity": "sha512-0V5l4Cizzvqt5D44aTXbFZz+FtyXV1vrDN6qrelxtfYQKW0KO0W2T/hkE8xvGa/540LkZlkaUjO4ailYTFtHVQ==",
      "requires": {
        "debug": "=3.1.0"
      }
    },
    "humanize-ms": {
      "version": "1.2.1",
      "resolved": "https://registry.npmjs.org/humanize-ms/-/humanize-ms-1.2.1.tgz",
      "integrity": "sha1-xG4xWaKT9riW2ikxbYtv6Lt5u+0=",
      "requires": {
        "ms": "^2.0.0"
      }
    },
    "lru-cache": {
      "version": "5.1.1",
      "resolved": "https://registry.npmjs.org/lru-cache/-/lru-cache-5.1.1.tgz",
      "integrity": "sha512-KpNARQA3Iwv+jTA0utUVVbrh+Jlrr1Fv0e56GGzAFOXN7dk/FviaDW8LHmK52DlcH4WP2n6gI8vN1aesBFgo9w==",
      "requires": {
        "yallist": "^3.0.2"
      }
    },
    "ms": {
      "version": "2.0.0",
      "resolved": "https://registry.npmjs.org/ms/-/ms-2.0.0.tgz",
      "integrity": "sha1-VgiurfwAvmwpAd9fmGF4jeDVl8g="
    },
    "node-fetch": {
      "version": "2.6.0",
      "resolved": "https://registry.npmjs.org/node-fetch/-/node-fetch-2.6.0.tgz",
      "integrity": "sha512-8dG4H5ujfvFiqDmVu9fQ5bOHUC15JMjMY/Zumv26oOvvVJjM67KF8koCWIabKQ1GJIa9r2mMZscBq/TbdOcmNA=="
    },
    "retry": {
      "version": "0.12.0",
      "resolved": "https://registry.npmjs.org/retry/-/retry-0.12.0.tgz",
      "integrity": "sha1-G0KmJmoh8HQh0bC1S33BZ7AcATs="
    },
    "yallist": {
      "version": "3.1.1",
      "resolved": "https://registry.npmjs.org/yallist/-/yallist-3.1.1.tgz",
      "integrity": "sha512-a4UGQaWPH59mOXUYnAG2ewncQS4i4F43Tv3JoAM+s2VDAmS9NsK8GpDMLrCHPksFT7h3K6TOoUNn2pb7RoXx4g=="
    }
  }
}
