{
  "name": "sprimshing-apps",
  "version": "1.0.0",
  "lockfileVersion": 1,
  "requires": true,
  "dependencies": {
    "@itsravenous/google-sheets-public": {
      "version": "2.0.0",
      "resolved": "https://registry.npmjs.org/@itsravenous/google-sheets-public/-/google-sheets-public-2.0.0.tgz",
      "integrity": "sha512-3BH/1qyNGuE26nBMMyOJYNMhwtPIxErEHR7S1pHCKenJ4HsDRhHEGrOTDNB7JVTlDyYlywoqg57P6PJ3H3Oe4A=="
    },
    "dotenv": {
      "version": "8.2.0",
      "resolved": "https://registry.npmjs.org/dotenv/-/dotenv-8.2.0.tgz",
      "integrity": "sha512-8sJ78ElpbDJBHNeBzUbUVLsqKdccaa/BXF1uPTw3GrvQTBgrQrtObr2mUrE38vzYd8cEv+m/JBfDLioYcfXoaw=="
    },
    "node-fetch": {
      "version": "2.6.0",
      "resolved": "https://registry.npmjs.org/node-fetch/-/node-fetch-2.6.0.tgz",
      "integrity": "sha512-8dG4H5ujfvFiqDmVu9fQ5bOHUC15JMjMY/Zumv26oOvvVJjM67KF8koCWIabKQ1GJIa9r2mMZscBq/TbdOcmNA=="
    }
  }
}
